
Microsoft Visual Studio Solution File, Format Version 12.00
# Visual Studio 15
VisualStudioVersion = 15.0.26730.8
MinimumVisualStudioVersion = 10.0.40219.1
Project("{FAE04EC0-301F-11D3-BF4B-00C04F79EFBC}") = "RohanCrud", "RohanCrud\RohanCrud.csproj", "{DA9F09A5-3C83-494B-8B5B-18F5B8A7C225}"
EndProject
Global
	GlobalSection(SolutionConfigurationPlatforms) = preSolution
		Debug|Any CPU = Debug|Any CPU
		Release|Any CPU = Release|Any CPU
	EndGlobalSection
	GlobalSection(ProjectConfigurationPlatforms) = postSolution
		{DA9F09A5-3C83-494B-8B5B-18F5B8A7C225}.Debug|Any CPU.ActiveCfg = Debug|Any CPU
		{DA9F09A5-3C83-494B-8B5B-18F5B8A7C225}.Debug|Any CPU.Build.0 = Debug|Any CPU
		{DA9F09A5-3C83-494B-8B5B-18F5B8A7C225}.Release|Any CPU.ActiveCfg = Release|Any CPU
		{DA9F09A5-3C83-494B-8B5B-18F5B8A7C225}.Release|Any CPU.Build.0 = Release|Any CPU
	EndGlobalSection
	GlobalSection(SolutionProperties) = preSolution
		HideSolutionNode = FALSE
	EndGlobalSection
	GlobalSection(ExtensibilityGlobals) = postSolution
		SolutionGuid = {ACEF54F9-B135-473A-B352-FEEE0E7AA2DF}
	EndGlobalSection
EndGlobal
